
Microsoft Visual Studio Solution File, Format Version 12.00
# Visual Studio Version 17
VisualStudioVersion = 17.5.002.0
MinimumVisualStudioVersion = 10.0.40219.1
Project("{9A19103F-16F7-4668-BE54-9A1E7A4F7556}") = "BasicWebsite", "BasicWebsite\BasicWebsite.csproj", "{2143AAFC-A089-4741-93AD-D791CFFE7375}"
EndProject
Global
	GlobalSection(SolutionConfigurationPlatforms) = preSolution
		Debug|Any CPU = Debug|Any CPU
		Release|Any CPU = Release|Any CPU
	EndGlobalSection
	GlobalSection(ProjectConfigurationPlatforms) = postSolution
		{2143AAFC-A089-4741-93AD-D791CFFE7375}.Debug|Any CPU.ActiveCfg = Debug|Any CPU
		{2143AAFC-A089-4741-93AD-D791CFFE7375}.Debug|Any CPU.Build.0 = Debug|Any CPU
		{2143AAFC-A089-4741-93AD-D791CFFE7375}.Release|Any CPU.ActiveCfg = Release|Any CPU
		{2143AAFC-A089-4741-93AD-D791CFFE7375}.Release|Any CPU.Build.0 = Release|Any CPU
	EndGlobalSection
	GlobalSection(SolutionProperties) = preSolution
		HideSolutionNode = FALSE
	EndGlobalSection
	GlobalSection(ExtensibilityGlobals) = postSolution
		SolutionGuid = {768BFDB7-FA95-4099-B8F8-B55ED463B371}
	EndGlobalSection
EndGlobal
